// !$*UTF8*$!
{
	archiveVersion = 1;
	classes = {
	};
	objectVersion = 51;
	objects = {

/* Begin PBXBuildFile section */
		1E9580E94A22A5084D8658A9 /* Pods_Flixster_FlixsterUITests.framework in Frameworks */ = {isa = PBXBuildFile; fileRef = 34B6617B49DFE6ABFD13E9EF /* Pods_Flixster_FlixsterUITests.framework */; };
		3605077C1F279A1F2BF5E896 /* Pods_FlixsterTests.framework in Frameworks */ = {isa = PBXBuildFile; fileRef = DE3B5413D6CCD57C5DEED054 /* Pods_FlixsterTests.framework */; };
		7771FEE220359656EAB7432B /* Pods_Flixster.framework in Frameworks */ = {isa = PBXBuildFile; fileRef = BAF2FB3E4DD864931334CBFD /* Pods_Flixster.framework */; };
		922E5B5D268F989D008BACF4 /* MoviesViewController.swift in Sources */ = {isa = PBXBuildFile; fileRef = 922E5B5C268F989D008BACF4 /* MoviesViewController.swift */; };
		922E5B5F268FA010008BACF4 /* MovieCell.swift in Sources */ = {isa = PBXBuildFile; fileRef = 922E5B5E268FA010008BACF4 /* MovieCell.swift */; };
		92681554269A7A2800F850A6 /* MovieGridViewController.swift in Sources */ = {isa = PBXBuildFile; fileRef = 92681553269A7A2800F850A6 /* MovieGridViewController.swift */; };
		92681556269A7D4100F850A6 /* MovieGridCell.swift in Sources */ = {isa = PBXBuildFile; fileRef = 92681555269A7D4100F850A6 /* MovieGridCell.swift */; };
		9277D79F268BF3C400866221 /* AppDelegate.swift in Sources */ = {isa = PBXBuildFile; fileRef = 9277D79E268BF3C400866221 /* AppDelegate.swift */; };
		9277D7A1268BF3C400866221 /* SceneDelegate.swift in Sources */ = {isa = PBXBuildFile; fileRef = 9277D7A0268BF3C400866221 /* SceneDelegate.swift */; };
		9277D7A6268BF3C400866221 /* Main.storyboard in Resources */ = {isa = PBXBuildFile; fileRef = 9277D7A4268BF3C400866221 /* Main.storyboard */; };
		9277D7A8268BF3CC00866221 /* Assets.xcassets in Resources */ = {isa = PBXBuildFile; fileRef = 9277D7A7268BF3CC00866221 /* Assets.xcassets */; };
		9277D7AB268BF3CC00866221 /* LaunchScreen.storyboard in Resources */ = {isa = PBXBuildFile; fileRef = 9277D7A9268BF3CC00866221 /* LaunchScreen.storyboard */; };
		9277D7B6268BF3CC00866221 /* FlixsterTests.swift in Sources */ = {isa = PBXBuildFile; fileRef = 9277D7B5268BF3CC00866221 /* FlixsterTests.swift */; };
		9277D7C1268BF3CC00866221 /* FlixsterUITests.swift in Sources */ = {isa = PBXBuildFile; fileRef = 9277D7C0268BF3CC00866221 /* FlixsterUITests.swift */; };
		92ED29CD269A1FFD00090754 /* MoviesDetailViewController.swift in Sources */ = {isa = PBXBuildFile; fileRef = 92ED29CC269A1FFD00090754 /* MoviesDetailViewController.swift */; };
/* End PBXBuildFile section */

/* Begin PBXContainerItemProxy section */
		9277D7B2268BF3CC00866221 /* PBXContainerItemProxy */ = {
			isa = PBXContainerItemProxy;
			containerPortal = 9277D793268BF3C400866221 /* Project object */;
			proxyType = 1;
			remoteGlobalIDString = 9277D79A268BF3C400866221;
			remoteInfo = Flixster;
		};
		9277D7BD268BF3CC00866221 /* PBXContainerItemProxy */ = {
			isa = PBXContainerItemProxy;
			containerPortal = 9277D793268BF3C400866221 /* Project object */;
			proxyType = 1;
			remoteGlobalIDString = 9277D79A268BF3C400866221;
			remoteInfo = Flixster;
		};
/* End PBXContainerItemProxy section */

/* Begin PBXFileReference section */
		29B7E33D94EF7728CB22CF4E /* Pods-FlixsterTests.release.xcconfig */ = {isa = PBXFileReference; includeInIndex = 1; lastKnownFileType = text.xcconfig; name = "Pods-FlixsterTests.release.xcconfig"; path = "Target Support Files/Pods-FlixsterTests/Pods-FlixsterTests.release.xcconfig"; sourceTree = "<group>"; };
		34B6617B49DFE6ABFD13E9EF /* Pods_Flixster_FlixsterUITests.framework */ = {isa = PBXFileReference; explicitFileType = wrapper.framework; includeInIndex = 0; path = Pods_Flixster_FlixsterUITests.framework; sourceTree = BUILT_PRODUCTS_DIR; };
		50C0A2EC51E93B326A4DEF50 /* Pods-Flixster-FlixsterUITests.release.xcconfig */ = {isa = PBXFileReference; includeInIndex = 1; lastKnownFileType = text.xcconfig; name = "Pods-Flixster-FlixsterUITests.release.xcconfig"; path = "Target Support Files/Pods-Flixster-FlixsterUITests/Pods-Flixster-FlixsterUITests.release.xcconfig"; sourceTree = "<group>"; };
		84A773DDCBC81EA39C606539 /* Pods-FlixsterTests.debug.xcconfig */ = {isa = PBXFileReference; includeInIndex = 1; lastKnownFileType = text.xcconfig; name = "Pods-FlixsterTests.debug.xcconfig"; path = "Target Support Files/Pods-FlixsterTests/Pods-FlixsterTests.debug.xcconfig"; sourceTree = "<group>"; };
		922E5B5C268F989D008BACF4 /* MoviesViewController.swift */ = {isa = PBXFileReference; lastKnownFileType = sourcecode.swift; path = MoviesViewController.swift; sourceTree = "<group>"; };
		922E5B5E268FA010008BACF4 /* MovieCell.swift */ = {isa = PBXFileReference; lastKnownFileType = sourcecode.swift; path = MovieCell.swift; sourceTree = "<group>"; };
		92681553269A7A2800F850A6 /* MovieGridViewController.swift */ = {isa = PBXFileReference; lastKnownFileType = sourcecode.swift; path = MovieGridViewController.swift; sourceTree = "<group>"; };
		92681555269A7D4100F850A6 /* MovieGridCell.swift */ = {isa = PBXFileReference; lastKnownFileType = sourcecode.swift; path = MovieGridCell.swift; sourceTree = "<group>"; };
		9277D79B268BF3C400866221 /* Flixster.app */ = {isa = PBXFileReference; explicitFileType = wrapper.application; includeInIndex = 0; path = Flixster.app; sourceTree = BUILT_PRODUCTS_DIR; };
		9277D79E268BF3C400866221 /* AppDelegate.swift */ = {isa = PBXFileReference; lastKnownFileType = sourcecode.swift; path = AppDelegate.swift; sourceTree = "<group>"; };
		9277D7A0268BF3C400866221 /* SceneDelegate.swift */ = {isa = PBXFileReference; lastKnownFileType = sourcecode.swift; path = SceneDelegate.swift; sourceTree = "<group>"; };
		9277D7A5268BF3C400866221 /* Base */ = {isa = PBXFileReference; lastKnownFileType = file.storyboard; name = Base; path = Base.lproj/Main.storyboard; sourceTree = "<group>"; };
		9277D7A7268BF3CC00866221 /* Assets.xcassets */ = {isa = PBXFileReference; lastKnownFileType = folder.assetcatalog; path = Assets.xcassets; sourceTree = "<group>"; };
		9277D7AA268BF3CC00866221 /* Base */ = {isa = PBXFileReference; lastKnownFileType = file.storyboard; name = Base; path = Base.lproj/LaunchScreen.storyboard; sourceTree = "<group>"; };
		9277D7AC268BF3CC00866221 /* Info.plist */ = {isa = PBXFileReference; lastKnownFileType = text.plist.xml; path = Info.plist; sourceTree = "<group>"; };
		9277D7B1268BF3CC00866221 /* FlixsterTests.xctest */ = {isa = PBXFileReference; explicitFileType = wrapper.cfbundle; includeInIndex = 0; path = FlixsterTests.xctest; sourceTree = BUILT_PRODUCTS_DIR; };
		9277D7B5268BF3CC00866221 /* FlixsterTests.swift */ = {isa = PBXFileReference; lastKnownFileType = sourcecode.swift; path = FlixsterTests.swift; sourceTree = "<group>"; };
		9277D7B7268BF3CC00866221 /* Info.plist */ = {isa = PBXFileReference; lastKnownFileType = text.plist.xml; path = Info.plist; sourceTree = "<group>"; };
		9277D7BC268BF3CC00866221 /* FlixsterUITests.xctest */ = {isa = PBXFileReference; explicitFileType = wrapper.cfbundle; includeInIndex = 0; path = FlixsterUITests.xctest; sourceTree = BUILT_PRODUCTS_DIR; };
		9277D7C0268BF3CC00866221 /* FlixsterUITests.swift */ = {isa = PBXFileReference; lastKnownFileType = sourcecode.swift; path = FlixsterUITests.swift; sourceTree = "<group>"; };
		9277D7C2268BF3CC00866221 /* Info.plist */ = {isa = PBXFileReference; lastKnownFileType = text.plist.xml; path = Info.plist; sourceTree = "<group>"; };
		92ED29CC269A1FFD00090754 /* MoviesDetailViewController.swift */ = {isa = PBXFileReference; lastKnownFileType = sourcecode.swift; path = MoviesDetailViewController.swift; sourceTree = "<group>"; };
		BAF2FB3E4DD864931334CBFD /* Pods_Flixster.framework */ = {isa = PBXFileReference; explicitFileType = wrapper.framework; includeInIndex = 0; path = Pods_Flixster.framework; sourceTree = BUILT_PRODUCTS_DIR; };
		D0A1D2516213E51784B627EB /* Pods-Flixster.release.xcconfig */ = {isa = PBXFileReference; includeInIndex = 1; lastKnownFileType = text.xcconfig; name = "Pods-Flixster.release.xcconfig"; path = "Target Support Files/Pods-Flixster/Pods-Flixster.release.xcconfig"; sourceTree = "<group>"; };
		D4BA650BE04BCDF0CBC60638 /* Pods-Flixster.debug.xcconfig */ = {isa = PBXFileReference; includeInIndex = 1; lastKnownFileType = text.xcconfig; name = "Pods-Flixster.debug.xcconfig"; path = "Target Support Files/Pods-Flixster/Pods-Flixster.debug.xcconfig"; sourceTree = "<group>"; };
		DE3B5413D6CCD57C5DEED054 /* Pods_FlixsterTests.framework */ = {isa = PBXFileReference; explicitFileType = wrapper.framework; includeInIndex = 0; path = Pods_FlixsterTests.framework; sourceTree = BUILT_PRODUCTS_DIR; };
		F22FFFEC42A03B861B4BD8C2 /* Pods-Flixster-FlixsterUITests.debug.xcconfig */ = {isa = PBXFileReference; includeInIndex = 1; lastKnownFileType = text.xcconfig; name = "Pods-Flixster-FlixsterUITests.debug.xcconfig"; path = "Target Support Files/Pods-Flixster-FlixsterUITests/Pods-Flixster-FlixsterUITests.debug.xcconfig"; sourceTree = "<group>"; };
/* End PBXFileReference section */

/* Begin PBXFrameworksBuildPhase section */
		9277D798268BF3C400866221 /* Frameworks */ = {
			isa = PBXFrameworksBuildPhase;
			buildActionMask = 2147483647;
			files = (
				7771FEE220359656EAB7432B /* Pods_Flixster.framework in Frameworks */,
			);
			runOnlyForDeploymentPostprocessing = 0;
		};
		9277D7AE268BF3CC00866221 /* Frameworks */ = {
			isa = PBXFrameworksBuildPhase;
			buildActionMask = 2147483647;
			files = (
				3605077C1F279A1F2BF5E896 /* Pods_FlixsterTests.framework in Frameworks */,
			);
			runOnlyForDeploymentPostprocessing = 0;
		};
		9277D7B9268BF3CC00866221 /* Frameworks */ = {
			isa = PBXFrameworksBuildPhase;
			buildActionMask = 2147483647;
			files = (
				1E9580E94A22A5084D8658A9 /* Pods_Flixster_FlixsterUITests.framework in Frameworks */,
			);
			runOnlyForDeploymentPostprocessing = 0;
		};
/* End PBXFrameworksBuildPhase section */

/* Begin PBXGroup section */
		9277D792268BF3C400866221 = {
			isa = PBXGroup;
			children = (
				9277D79D268BF3C400866221 /* Flixster */,
				9277D7B4268BF3CC00866221 /* FlixsterTests */,
				9277D7BF268BF3CC00866221 /* FlixsterUITests */,
				9277D79C268BF3C400866221 /* Products */,
				EC491BC7DACA6108444534AA /* Pods */,
				C60696F610608B8A62D8323E /* Frameworks */,
			);
			sourceTree = "<group>";
		};
		9277D79C268BF3C400866221 /* Products */ = {
			isa = PBXGroup;
			children = (
				9277D79B268BF3C400866221 /* Flixster.app */,
				9277D7B1268BF3CC00866221 /* FlixsterTests.xctest */,
				9277D7BC268BF3CC00866221 /* FlixsterUITests.xctest */,
			);
			name = Products;
			sourceTree = "<group>";
		};
		9277D79D268BF3C400866221 /* Flixster */ = {
			isa = PBXGroup;
			children = (
				9277D79E268BF3C400866221 /* AppDelegate.swift */,
				9277D7A0268BF3C400866221 /* SceneDelegate.swift */,
				9277D7A4268BF3C400866221 /* Main.storyboard */,
				9277D7A7268BF3CC00866221 /* Assets.xcassets */,
				9277D7A9268BF3CC00866221 /* LaunchScreen.storyboard */,
				9277D7AC268BF3CC00866221 /* Info.plist */,
				922E5B5C268F989D008BACF4 /* MoviesViewController.swift */,
				922E5B5E268FA010008BACF4 /* MovieCell.swift */,
				92ED29CC269A1FFD00090754 /* MoviesDetailViewController.swift */,
				92681553269A7A2800F850A6 /* MovieGridViewController.swift */,
				92681555269A7D4100F850A6 /* MovieGridCell.swift */,
			);
			path = Flixster;
			sourceTree = "<group>";
		};
		9277D7B4268BF3CC00866221 /* FlixsterTests */ = {
			isa = PBXGroup;
			children = (
				9277D7B5268BF3CC00866221 /* FlixsterTests.swift */,
				9277D7B7268BF3CC00866221 /* Info.plist */,
			);
			path = FlixsterTests;
			sourceTree = "<group>";
		};
		9277D7BF268BF3CC00866221 /* FlixsterUITests */ = {
			isa = PBXGroup;
			children = (
				9277D7C0268BF3CC00866221 /* FlixsterUITests.swift */,
				9277D7C2268BF3CC00866221 /* Info.plist */,
			);
			path = FlixsterUITests;
			sourceTree = "<group>";
		};
		C60696F610608B8A62D8323E /* Frameworks */ = {
			isa = PBXGroup;
			children = (
				BAF2FB3E4DD864931334CBFD /* Pods_Flixster.framework */,
				34B6617B49DFE6ABFD13E9EF /* Pods_Flixster_FlixsterUITests.framework */,
				DE3B5413D6CCD57C5DEED054 /* Pods_FlixsterTests.framework */,
			);
			name = Frameworks;
			sourceTree = "<group>";
		};
		EC491BC7DACA6108444534AA /* Pods */ = {
			isa = PBXGroup;
			children = (
				D4BA650BE04BCDF0CBC60638 /* Pods-Flixster.debug.xcconfig */,
				D0A1D2516213E51784B627EB /* Pods-Flixster.release.xcconfig */,
				F22FFFEC42A03B861B4BD8C2 /* Pods-Flixster-FlixsterUITests.debug.xcconfig */,
				50C0A2EC51E93B326A4DEF50 /* Pods-Flixster-FlixsterUITests.release.xcconfig */,
				84A773DDCBC81EA39C606539 /* Pods-FlixsterTests.debug.xcconfig */,
				29B7E33D94EF7728CB22CF4E /* Pods-FlixsterTests.release.xcconfig */,
			);
			path = Pods;
			sourceTree = "<group>";
		};
/* End PBXGroup section */

/* Begin PBXNativeTarget section */
		9277D79A268BF3C400866221 /* Flixster */ = {
			isa = PBXNativeTarget;
			buildConfigurationList = 9277D7C5268BF3CC00866221 /* Build configuration list for PBXNativeTarget "Flixster" */;
			buildPhases = (
				8D424904CC12FB4FA57E7168 /* [CP] Check Pods Manifest.lock */,
				9277D797268BF3C400866221 /* Sources */,
				9277D798268BF3C400866221 /* Frameworks */,
				9277D799268BF3C400866221 /* Resources */,
				7722FF1ED45FCC15302BA2FE /* [CP] Embed Pods Frameworks */,
			);
			buildRules = (
			);
			dependencies = (
			);
			name = Flixster;
			productName = Flixster;
			productReference = 9277D79B268BF3C400866221 /* Flixster.app */;
			productType = "com.apple.product-type.application";
		};
		9277D7B0268BF3CC00866221 /* FlixsterTests */ = {
			isa = PBXNativeTarget;
			buildConfigurationList = 9277D7C8268BF3CC00866221 /* Build configuration list for PBXNativeTarget "FlixsterTests" */;
			buildPhases = (
				30BB1C2092154883F316FB61 /* [CP] Check Pods Manifest.lock */,
				9277D7AD268BF3CC00866221 /* Sources */,
				9277D7AE268BF3CC00866221 /* Frameworks */,
				9277D7AF268BF3CC00866221 /* Resources */,
			);
			buildRules = (
			);
			dependencies = (
				9277D7B3268BF3CC00866221 /* PBXTargetDependency */,
			);
			name = FlixsterTests;
			productName = FlixsterTests;
			productReference = 9277D7B1268BF3CC00866221 /* FlixsterTests.xctest */;
			productType = "com.apple.product-type.bundle.unit-test";
		};
		9277D7BB268BF3CC00866221 /* FlixsterUITests */ = {
			isa = PBXNativeTarget;
			buildConfigurationList = 9277D7CB268BF3CC00866221 /* Build configuration list for PBXNativeTarget "FlixsterUITests" */;
			buildPhases = (
				7F31A91A2BB0AF8DB5877F87 /* [CP] Check Pods Manifest.lock */,
				9277D7B8268BF3CC00866221 /* Sources */,
				9277D7B9268BF3CC00866221 /* Frameworks */,
				9277D7BA268BF3CC00866221 /* Resources */,
				814C3BDF92C76E3C50F18358 /* [CP] Embed Pods Frameworks */,
			);
			buildRules = (
			);
			dependencies = (
				9277D7BE268BF3CC00866221 /* PBXTargetDependency */,
			);
			name = FlixsterUITests;
			productName = FlixsterUITests;
			productReference = 9277D7BC268BF3CC00866221 /* FlixsterUITests.xctest */;
			productType = "com.apple.product-type.bundle.ui-testing";
		};
/* End PBXNativeTarget section */

/* Begin PBXProject section */
		9277D793268BF3C400866221 /* Project object */ = {
			isa = PBXProject;
			attributes = {
				LastSwiftUpdateCheck = 1250;
				LastUpgradeCheck = 1250;
				TargetAttributes = {
					9277D79A268BF3C400866221 = {
						CreatedOnToolsVersion = 12.5;
					};
					9277D7B0268BF3CC00866221 = {
						CreatedOnToolsVersion = 12.5;
						TestTargetID = 9277D79A268BF3C400866221;
					};
					9277D7BB268BF3CC00866221 = {
						CreatedOnToolsVersion = 12.5;
						TestTargetID = 9277D79A268BF3C400866221;
					};
				};
			};
			buildConfigurationList = 9277D796268BF3C400866221 /* Build configuration list for PBXProject "Flixster" */;
			compatibilityVersion = "Xcode 9.3";
			developmentRegion = en;
			hasScannedForEncodings = 0;
			knownRegions = (
				en,
				Base,
			);
			mainGroup = 9277D792268BF3C400866221;
			productRefGroup = 9277D79C268BF3C400866221 /* Products */;
			projectDirPath = "";
			projectRoot = "";
			targets = (
				9277D79A268BF3C400866221 /* Flixster */,
				9277D7B0268BF3CC00866221 /* FlixsterTests */,
				9277D7BB268BF3CC00866221 /* FlixsterUITests */,
			);
		};
/* End PBXProject section */

/* Begin PBXResourcesBuildPhase section */
		9277D799268BF3C400866221 /* Resources */ = {
			isa = PBXResourcesBuildPhase;
			buildActionMask = 2147483647;
			files = (
				9277D7AB268BF3CC00866221 /* LaunchScreen.storyboard in Resources */,
				9277D7A8268BF3CC00866221 /* Assets.xcassets in Resources */,
				9277D7A6268BF3C400866221 /* Main.storyboard in Resources */,
			);
			runOnlyForDeploymentPostprocessing = 0;
		};
		9277D7AF268BF3CC00866221 /* Resources */ = {
			isa = PBXResourcesBuildPhase;
			buildActionMask = 2147483647;
			files = (
			);
			runOnlyForDeploymentPostprocessing = 0;
		};
		9277D7BA268BF3CC00866221 /* Resources */ = {
			isa = PBXResourcesBuildPhase;
			buildActionMask = 2147483647;
			files = (
			);
			runOnlyForDeploymentPostprocessing = 0;
		};
/* End PBXResourcesBuildPhase section */

/* Begin PBXShellScriptBuildPhase section */
		30BB1C2092154883F316FB61 /* [CP] Check Pods Manifest.lock */ = {
			isa = PBXShellScriptBuildPhase;
			buildActionMask = 2147483647;
			files = (
			);
			inputFileListPaths = (
			);
			inputPaths = (
				"${PODS_PODFILE_DIR_PATH}/Podfile.lock",
				"${PODS_ROOT}/Manifest.lock",
			);
			name = "[CP] Check Pods Manifest.lock";
			outputFileListPaths = (
			);
			outputPaths = (
				"$(DERIVED_FILE_DIR)/Pods-FlixsterTests-checkManifestLockResult.txt",
			);
			runOnlyForDeploymentPostprocessing = 0;
			shellPath = /bin/sh;
			shellScript = "diff \"${PODS_PODFILE_DIR_PATH}/Podfile.lock\" \"${PODS_ROOT}/Manifest.lock\" > /dev/null\nif [ $? != 0 ] ; then\n    # print error to STDERR\n    echo \"error: The sandbox is not in sync with the Podfile.lock. Run 'pod install' or update your CocoaPods installation.\" >&2\n    exit 1\nfi\n# This output is used by Xcode 'outputs' to avoid re-running this script phase.\necho \"SUCCESS\" > \"${SCRIPT_OUTPUT_FILE_0}\"\n";
			showEnvVarsInLog = 0;
		};
		7722FF1ED45FCC15302BA2FE /* [CP] Embed Pods Frameworks */ = {
			isa = PBXShellScriptBuildPhase;
			buildActionMask = 2147483647;
			files = (
			);
			inputFileListPaths = (
				"${PODS_ROOT}/Target Support Files/Pods-Flixster/Pods-Flixster-frameworks-${CONFIGURATION}-input-files.xcfilelist",
			);
			name = "[CP] Embed Pods Frameworks";
			outputFileListPaths = (
				"${PODS_ROOT}/Target Support Files/Pods-Flixster/Pods-Flixster-frameworks-${CONFIGURATION}-output-files.xcfilelist",
			);
			runOnlyForDeploymentPostprocessing = 0;
			shellPath = /bin/sh;
			shellScript = "\"${PODS_ROOT}/Target Support Files/Pods-Flixster/Pods-Flixster-frameworks.sh\"\n";
			showEnvVarsInLog = 0;
		};
		7F31A91A2BB0AF8DB5877F87 /* [CP] Check Pods Manifest.lock */ = {
			isa = PBXShellScriptBuildPhase;
			buildActionMask = 2147483647;
			files = (
			);
			inputFileListPaths = (
			);
			inputPaths = (
				"${PODS_PODFILE_DIR_PATH}/Podfile.lock",
				"${PODS_ROOT}/Manifest.lock",
			);
			name = "[CP] Check Pods Manifest.lock";
			outputFileListPaths = (
			);
			outputPaths = (
				"$(DERIVED_FILE_DIR)/Pods-Flixster-FlixsterUITests-checkManifestLockResult.txt",
			);
			runOnlyForDeploymentPostprocessing = 0;
			shellPath = /bin/sh;
			shellScript = "diff \"${PODS_PODFILE_DIR_PATH}/Podfile.lock\" \"${PODS_ROOT}/Manifest.lock\" > /dev/null\nif [ $? != 0 ] ; then\n    # print error to STDERR\n    echo \"error: The sandbox is not in sync with the Podfile.lock. Run 'pod install' or update your CocoaPods installation.\" >&2\n    exit 1\nfi\n# This output is used by Xcode 'outputs' to avoid re-running this script phase.\necho \"SUCCESS\" > \"${SCRIPT_OUTPUT_FILE_0}\"\n";
			showEnvVarsInLog = 0;
		};
		814C3BDF92C76E3C50F18358 /* [CP] Embed Pods Frameworks */ = {
			isa = PBXShellScriptBuildPhase;
			buildActionMask = 2147483647;
			files = (
			);
			inputFileListPaths = (
				"${PODS_ROOT}/Target Support Files/Pods-Flixster-FlixsterUITests/Pods-Flixster-FlixsterUITests-frameworks-${CONFIGURATION}-input-files.xcfilelist",
			);
			name = "[CP] Embed Pods Frameworks";
			outputFileListPaths = (
				"${PODS_ROOT}/Target Support Files/Pods-Flixster-FlixsterUITests/Pods-Flixster-FlixsterUITests-frameworks-${CONFIGURATION}-output-files.xcfilelist",
			);
			runOnlyForDeploymentPostprocessing = 0;
			shellPath = /bin/sh;
			shellScript = "\"${PODS_ROOT}/Target Support Files/Pods-Flixster-FlixsterUITests/Pods-Flixster-FlixsterUITests-frameworks.sh\"\n";
			showEnvVarsInLog = 0;
		};
		8D424904CC12FB4FA57E7168 /* [CP] Check Pods Manifest.lock */ = {
			isa = PBXShellScriptBuildPhase;
			buildActionMask = 2147483647;
			files = (
			);
			inputFileListPaths = (
			);
			inputPaths = (
				"${PODS_PODFILE_DIR_PATH}/Podfile.lock",
				"${PODS_ROOT}/Manifest.lock",
			);
			name = "[CP] Check Pods Manifest.lock";
			outputFileListPaths = (
			);
			outputPaths = (
				"$(DERIVED_FILE_DIR)/Pods-Flixster-checkManifestLockResult.txt",
			);
			runOnlyForDeploymentPostprocessing = 0;
			shellPath = /bin/sh;
			shellScript = "diff \"${PODS_PODFILE_DIR_PATH}/Podfile.lock\" \"${PODS_ROOT}/Manifest.lock\" > /dev/null\nif [ $? != 0 ] ; then\n    # print error to STDERR\n    echo \"error: The sandbox is not in sync with the Podfile.lock. Run 'pod install' or update your CocoaPods installation.\" >&2\n    exit 1\nfi\n# This output is used by Xcode 'outputs' to avoid re-running this script phase.\necho \"SUCCESS\" > \"${SCRIPT_OUTPUT_FILE_0}\"\n";
			showEnvVarsInLog = 0;
		};
/* End PBXShellScriptBuildPhase section */

/* Begin PBXSourcesBuildPhase section */
		9277D797268BF3C400866221 /* Sources */ = {
			isa = PBXSourcesBuildPhase;
			buildActionMask = 2147483647;
			files = (
				9277D79F268BF3C400866221 /* AppDelegate.swift in Sources */,
				92ED29CD269A1FFD00090754 /* MoviesDetailViewController.swift in Sources */,
				9277D7A1268BF3C400866221 /* SceneDelegate.swift in Sources */,
				922E5B5F268FA010008BACF4 /* MovieCell.swift in Sources */,
				922E5B5D268F989D008BACF4 /* MoviesViewController.swift in Sources */,
				92681554269A7A2800F850A6 /* MovieGridViewController.swift in Sources */,
				92681556269A7D4100F850A6 /* MovieGridCell.swift in Sources */,
			);
			runOnlyForDeploymentPostprocessing = 0;
		};
		9277D7AD268BF3CC00866221 /* Sources */ = {
			isa = PBXSourcesBuildPhase;
			buildActionMask = 2147483647;
			files = (
				9277D7B6268BF3CC00866221 /* FlixsterTests.swift in Sources */,
			);
			runOnlyForDeploymentPostprocessing = 0;
		};
		9277D7B8268BF3CC00866221 /* Sources */ = {
			isa = PBXSourcesBuildPhase;
			buildActionMask = 2147483647;
			files = (
				9277D7C1268BF3CC00866221 /* FlixsterUITests.swift in Sources */,
			);
			runOnlyForDeploymentPostprocessing = 0;
		};
/* End PBXSourcesBuildPhase section */

/* Begin PBXTargetDependency section */
		9277D7B3268BF3CC00866221 /* PBXTargetDependency */ = {
			isa = PBXTargetDependency;
			target = 9277D79A268BF3C400866221 /* Flixster */;
			targetProxy = 9277D7B2268BF3CC00866221 /* PBXContainerItemProxy */;
		};
		9277D7BE268BF3CC00866221 /* PBXTargetDependency */ = {
			isa = PBXTargetDependency;
			target = 9277D79A268BF3C400866221 /* Flixster */;
			targetProxy = 9277D7BD268BF3CC00866221 /* PBXContainerItemProxy */;
		};
/* End PBXTargetDependency section */

/* Begin PBXVariantGroup section */
		9277D7A4268BF3C400866221 /* Main.storyboard */ = {
			isa = PBXVariantGroup;
			children = (
				9277D7A5268BF3C400866221 /* Base */,
			);
			name = Main.storyboard;
			sourceTree = "<group>";
		};
		9277D7A9268BF3CC00866221 /* LaunchScreen.storyboard */ = {
			isa = PBXVariantGroup;
			children = (
				9277D7AA268BF3CC00866221 /* Base */,
			);
			name = LaunchScreen.storyboard;
			sourceTree = "<group>";
		};
/* End PBXVariantGroup section */

/* Begin XCBuildConfiguration section */
		9277D7C3268BF3CC00866221 /* Debug */ = {
			isa = XCBuildConfiguration;
			buildSettings = {
				ALWAYS_SEARCH_USER_PATHS = NO;
				CLANG_ANALYZER_NONNULL = YES;
				CLANG_ANALYZER_NUMBER_OBJECT_CONVERSION = YES_AGGRESSIVE;
				CLANG_CXX_LANGUAGE_STANDARD = "gnu++14";
				CLANG_CXX_LIBRARY = "libc++";
				CLANG_ENABLE_MODULES = YES;
				CLANG_ENABLE_OBJC_ARC = YES;
				CLANG_ENABLE_OBJC_WEAK = YES;
				CLANG_WARN_BLOCK_CAPTURE_AUTORELEASING = YES;
				CLANG_WARN_BOOL_CONVERSION = YES;
				CLANG_WARN_COMMA = YES;
				CLANG_WARN_CONSTANT_CONVERSION = YES;
				CLANG_WARN_DEPRECATED_OBJC_IMPLEMENTATIONS = YES;
				CLANG_WARN_DIRECT_OBJC_ISA_USAGE = YES_ERROR;
				CLANG_WARN_DOCUMENTATION_COMMENTS = YES;
				CLANG_WARN_EMPTY_BODY = YES;
				CLANG_WARN_ENUM_CONVERSION = YES;
				CLANG_WARN_INFINITE_RECURSION = YES;
				CLANG_WARN_INT_CONVERSION = YES;
				CLANG_WARN_NON_LITERAL_NULL_CONVERSION = YES;
				CLANG_WARN_OBJC_IMPLICIT_RETAIN_SELF = YES;
				CLANG_WARN_OBJC_LITERAL_CONVERSION = YES;
				CLANG_WARN_OBJC_ROOT_CLASS = YES_ERROR;
				CLANG_WARN_QUOTED_INCLUDE_IN_FRAMEWORK_HEADER = YES;
				CLANG_WARN_RANGE_LOOP_ANALYSIS = YES;
				CLANG_WARN_STRICT_PROTOTYPES = YES;
				CLANG_WARN_SUSPICIOUS_MOVE = YES;
				CLANG_WARN_UNGUARDED_AVAILABILITY = YES_AGGRESSIVE;
				CLANG_WARN_UNREACHABLE_CODE = YES;
				CLANG_WARN__DUPLICATE_METHOD_MATCH = YES;
				COPY_PHASE_STRIP = NO;
				DEBUG_INFORMATION_FORMAT = dwarf;
				ENABLE_STRICT_OBJC_MSGSEND = YES;
				ENABLE_TESTABILITY = YES;
				GCC_C_LANGUAGE_STANDARD = gnu11;
				GCC_DYNAMIC_NO_PIC = NO;
				GCC_NO_COMMON_BLOCKS = YES;
				GCC_OPTIMIZATION_LEVEL = 0;
				GCC_PREPROCESSOR_DEFINITIONS = (
					"DEBUG=1",
					"$(inherited)",
				);
				GCC_WARN_64_TO_32_BIT_CONVERSION = YES;
				GCC_WARN_ABOUT_RETURN_TYPE = YES_ERROR;
				GCC_WARN_UNDECLARED_SELECTOR = YES;
				GCC_WARN_UNINITIALIZED_AUTOS = YES_AGGRESSIVE;
				GCC_WARN_UNUSED_FUNCTION = YES;
				GCC_WARN_UNUSED_VARIABLE = YES;
				IPHONEOS_DEPLOYMENT_TARGET = 14.5;
				MTL_ENABLE_DEBUG_INFO = INCLUDE_SOURCE;
				MTL_FAST_MATH = YES;
				ONLY_ACTIVE_ARCH = YES;
				SDKROOT = iphoneos;
				SWIFT_ACTIVE_COMPILATION_CONDITIONS = DEBUG;
				SWIFT_OPTIMIZATION_LEVEL = "-Onone";
			};
			name = Debug;
		};
		9277D7C4268BF3CC00866221 /* Release */ = {
			isa = XCBuildConfiguration;
			buildSettings = {
				ALWAYS_SEARCH_USER_PATHS = NO;
				CLANG_ANALYZER_NONNULL = YES;
				CLANG_ANALYZER_NUMBER_OBJECT_CONVERSION = YES_AGGRESSIVE;
				CLANG_CXX_LANGUAGE_STANDARD = "gnu++14";
				CLANG_CXX_LIBRARY = "libc++";
				CLANG_ENABLE_MODULES = YES;
				CLANG_ENABLE_OBJC_ARC = YES;
				CLANG_ENABLE_OBJC_WEAK = YES;
				CLANG_WARN_BLOCK_CAPTURE_AUTORELEASING = YES;
				CLANG_WARN_BOOL_CONVERSION = YES;
				CLANG_WARN_COMMA = YES;
				CLANG_WARN_CONSTANT_CONVERSION = YES;
				CLANG_WARN_DEPRECATED_OBJC_IMPLEMENTATIONS = YES;
				CLANG_WARN_DIRECT_OBJC_ISA_USAGE = YES_ERROR;
				CLANG_WARN_DOCUMENTATION_COMMENTS = YES;
				CLANG_WARN_EMPTY_BODY = YES;
				CLANG_WARN_ENUM_CONVERSION = YES;
				CLANG_WARN_INFINITE_RECURSION = YES;
				CLANG_WARN_INT_CONVERSION = YES;
				CLANG_WARN_NON_LITERAL_NULL_CONVERSION = YES;
				CLANG_WARN_OBJC_IMPLICIT_RETAIN_SELF = YES;
				CLANG_WARN_OBJC_LITERAL_CONVERSION = YES;
				CLANG_WARN_OBJC_ROOT_CLASS = YES_ERROR;
				CLANG_WARN_QUOTED_INCLUDE_IN_FRAMEWORK_HEADER = YES;
				CLANG_WARN_RANGE_LOOP_ANALYSIS = YES;
				CLANG_WARN_STRICT_PROTOTYPES = YES;
				CLANG_WARN_SUSPICIOUS_MOVE = YES;
				CLANG_WARN_UNGUARDED_AVAILABILITY = YES_AGGRESSIVE;
				CLANG_WARN_UNREACHABLE_CODE = YES;
				CLANG_WARN__DUPLICATE_METHOD_MATCH = YES;
				COPY_PHASE_STRIP = NO;
				DEBUG_INFORMATION_FORMAT = "dwarf-with-dsym";
				ENABLE_NS_ASSERTIONS = NO;
				ENABLE_STRICT_OBJC_MSGSEND = YES;
				GCC_C_LANGUAGE_STANDARD = gnu11;
				GCC_NO_COMMON_BLOCKS = YES;
				GCC_WARN_64_TO_32_BIT_CONVERSION = YES;
				GCC_WARN_ABOUT_RETURN_TYPE = YES_ERROR;
				GCC_WARN_UNDECLARED_SELECTOR = YES;
				GCC_WARN_UNINITIALIZED_AUTOS = YES_AGGRESSIVE;
				GCC_WARN_UNUSED_FUNCTION = YES;
				GCC_WARN_UNUSED_VARIABLE = YES;
				IPHONEOS_DEPLOYMENT_TARGET = 14.5;
				MTL_ENABLE_DEBUG_INFO = NO;
				MTL_FAST_MATH = YES;
				SDKROOT = iphoneos;
				SWIFT_COMPILATION_MODE = wholemodule;
				SWIFT_OPTIMIZATION_LEVEL = "-O";
				VALIDATE_PRODUCT = YES;
			};
			name = Release;
		};
		9277D7C6268BF3CC00866221 /* Debug */ = {
			isa = XCBuildConfiguration;
			baseConfigurationReference = D4BA650BE04BCDF0CBC60638 /* Pods-Flixster.debug.xcconfig */;
			buildSettings = {
				ASSETCATALOG_COMPILER_APPICON_NAME = AppIcon;
				ASSETCATALOG_COMPILER_GLOBAL_ACCENT_COLOR_NAME = AccentColor;
				CODE_SIGN_STYLE = Automatic;
				DEVELOPMENT_TEAM = 936372Y55Q;
				INFOPLIST_FILE = Flixster/Info.plist;
				LD_RUNPATH_SEARCH_PATHS = (
					"$(inherited)",
					"@executable_path/Frameworks",
				);
				PRODUCT_BUNDLE_IDENTIFIER = com.example.FlixsterAnt;
				PRODUCT_NAME = "$(TARGET_NAME)";
				SWIFT_VERSION = 5.0;
				TARGETED_DEVICE_FAMILY = "1,2";
			};
			name = Debug;
		};
		9277D7C7268BF3CC00866221 /* Release */ = {
			isa = XCBuildConfiguration;
			baseConfigurationReference = D0A1D2516213E51784B627EB /* Pods-Flixster.release.xcconfig */;
			buildSettings = {
				ASSETCATALOG_COMPILER_APPICON_NAME = AppIcon;
				ASSETCATALOG_COMPILER_GLOBAL_ACCENT_COLOR_NAME = AccentColor;
				CODE_SIGN_STYLE = Automatic;
				DEVELOPMENT_TEAM = 936372Y55Q;
				INFOPLIST_FILE = Flixster/Info.plist;
				LD_RUNPATH_SEARCH_PATHS = (
					"$(inherited)",
					"@executable_path/Frameworks",
				);
				PRODUCT_BUNDLE_IDENTIFIER = com.example.FlixsterAnt;
				PRODUCT_NAME = "$(TARGET_NAME)";
				SWIFT_VERSION = 5.0;
				TARGETED_DEVICE_FAMILY = "1,2";
			};
			name = Release;
		};
		9277D7C9268BF3CC00866221 /* Debug */ = {
			isa = XCBuildConfiguration;
			baseConfigurationReference = 84A773DDCBC81EA39C606539 /* Pods-FlixsterTests.debug.xcconfig */;
			buildSettings = {
				ALWAYS_EMBED_SWIFT_STANDARD_LIBRARIES = YES;
				BUNDLE_LOADER = "$(TEST_HOST)";
				CODE_SIGN_STYLE = Automatic;
				DEVELOPMENT_TEAM = 936372Y55Q;
				INFOPLIST_FILE = FlixsterTests/Info.plist;
				IPHONEOS_DEPLOYMENT_TARGET = 14.5;
				LD_RUNPATH_SEARCH_PATHS = (
					"$(inherited)",
					"@executable_path/Frameworks",
					"@loader_path/Frameworks",
				);
				PRODUCT_BUNDLE_IDENTIFIER = com.example.FlixsterTests;
				PRODUCT_NAME = "$(TARGET_NAME)";
				SWIFT_VERSION = 5.0;
				TARGETED_DEVICE_FAMILY = "1,2";
				TEST_HOST = "$(BUILT_PRODUCTS_DIR)/Flixster.app/Flixster";
			};
			name = Debug;
		};
		9277D7CA268BF3CC00866221 /* Release */ = {
			isa = XCBuildConfiguration;
			baseConfigurationReference = 29B7E33D94EF7728CB22CF4E /* Pods-FlixsterTests.release.xcconfig */;
			buildSettings = {
				ALWAYS_EMBED_SWIFT_STANDARD_LIBRARIES = YES;
				BUNDLE_LOADER = "$(TEST_HOST)";
				CODE_SIGN_STYLE = Automatic;
				DEVELOPMENT_TEAM = 936372Y55Q;
				INFOPLIST_FILE = FlixsterTests/Info.plist;
				IPHONEOS_DEPLOYMENT_TARGET = 14.5;
				LD_RUNPATH_SEARCH_PATHS = (
					"$(inherited)",
					"@executable_path/Frameworks",
					"@loader_path/Frameworks",
				);
				PRODUCT_BUNDLE_IDENTIFIER = com.example.FlixsterTests;
				PRODUCT_NAME = "$(TARGET_NAME)";
				SWIFT_VERSION = 5.0;
				TARGETED_DEVICE_FAMILY = "1,2";
				TEST_HOST = "$(BUILT_PRODUCTS_DIR)/Flixster.app/Flixster";
			};
			name = Release;
		};
		9277D7CC268BF3CC00866221 /* Debug */ = {
			isa = XCBuildConfiguration;
			baseConfigurationReference = F22FFFEC42A03B861B4BD8C2 /* Pods-Flixster-FlixsterUITests.debug.xcconfig */;
			buildSettings = {
				ALWAYS_EMBED_SWIFT_STANDARD_LIBRARIES = YES;
				CODE_SIGN_STYLE = Automatic;
				DEVELOPMENT_TEAM = 936372Y55Q;
				INFOPLIST_FILE = FlixsterUITests/Info.plist;
				LD_RUNPATH_SEARCH_PATHS = (
					"$(inherited)",
					"@executable_path/Frameworks",
					"@loader_path/Frameworks",
				);
				PRODUCT_BUNDLE_IDENTIFIER = com.example.FlixsterUITests;
				PRODUCT_NAME = "$(TARGET_NAME)";
				SWIFT_VERSION = 5.0;
				TARGETED_DEVICE_FAMILY = "1,2";
				TEST_TARGET_NAME = Flixster;
			};
			name = Debug;
		};
		9277D7CD268BF3CC00866221 /* Release */ = {
			isa = XCBuildConfiguration;
			baseConfigurationReference = 50C0A2EC51E93B326A4DEF50 /* Pods-Flixster-FlixsterUITests.release.xcconfig */;
			buildSettings = {
				ALWAYS_EMBED_SWIFT_STANDARD_LIBRARIES = YES;
				CODE_SIGN_STYLE = Automatic;
				DEVELOPMENT_TEAM = 936372Y55Q;
				INFOPLIST_FILE = FlixsterUITests/Info.plist;
				LD_RUNPATH_SEARCH_PATHS = (
					"$(inherited)",
					"@executable_path/Frameworks",
					"@loader_path/Frameworks",
				);
				PRODUCT_BUNDLE_IDENTIFIER = com.example.FlixsterUITests;
				PRODUCT_NAME = "$(TARGET_NAME)";
				SWIFT_VERSION = 5.0;
				TARGETED_DEVICE_FAMILY = "1,2";
				TEST_TARGET_NAME = Flixster;
			};
			name = Release;
		};
/* End XCBuildConfiguration section */

/* Begin XCConfigurationList section */
		9277D796268BF3C400866221 /* Build configuration list for PBXProject "Flixster" */ = {
			isa = XCConfigurationList;
			buildConfigurations = (
				9277D7C3268BF3CC00866221 /* Debug */,
				9277D7C4268BF3CC00866221 /* Release */,
			);
			defaultConfigurationIsVisible = 0;
			defaultConfigurationName = Release;
		};
		9277D7C5268BF3CC00866221 /* Build configuration list for PBXNativeTarget "Flixster" */ = {
			isa = XCConfigurationList;
			buildConfigurations = (
				9277D7C6268BF3CC00866221 /* Debug */,
				9277D7C7268BF3CC00866221 /* Release */,
			);
			defaultConfigurationIsVisible = 0;
			defaultConfigurationName = Release;
		};
		9277D7C8268BF3CC00866221 /* Build configuration list for PBXNativeTarget "FlixsterTests" */ = {
			isa = XCConfigurationList;
			buildConfigurations = (
				9277D7C9268BF3CC00866221 /* Debug */,
				9277D7CA268BF3CC00866221 /* Release */,
			);
			defaultConfigurationIsVisible = 0;
			defaultConfigurationName = Release;
		};
		9277D7CB268BF3CC00866221 /* Build configuration list for PBXNativeTarget "FlixsterUITests" */ = {
			isa = XCConfigurationList;
			buildConfigurations = (
				9277D7CC268BF3CC00866221 /* Debug */,
				9277D7CD268BF3CC00866221 /* Release */,
			);
			defaultConfigurationIsVisible = 0;
			defaultConfigurationName = Release;
		};
/* End XCConfigurationList section */
	};
	rootObject = 9277D793268BF3C400866221 /* Project object */;
}
